PODS:
  - ReachabilitySwift (4.3.0)
  - SVProgressHUD (2.2.5)

DEPENDENCIES:
  - ReachabilitySwift
  - SVProgressHUD

SPEC REPOS:
  https://github.com/cocoapods/specs.git:
    - ReachabilitySwift
    - SVProgressHUD

SPEC CHECKSUMS:
  ReachabilitySwift: 408477d1b6ed9779dba301953171e017c31241f3
  SVProgressHUD: 1428aafac632c1f86f62aa4243ec12008d7a51d6

PODFILE CHECKSUM: b675d9a75b57cf2da4fd73ed097f810ec2d5c319

COCOAPODS: 1.6.1
